
Microsoft Visual Studio Solution File, Format Version 12.00
# Visual Studio Version 17
VisualStudioVersion = 17.4.33205.214
MinimumVisualStudioVersion = 10.0.40219.1
Project("{9A19103F-16F7-4668-BE54-9A1E7A4F7556}") = "I8Beef.SwitchBot", "I8Beef.SwitchBot\I8Beef.SwitchBot.csproj", "{916E85CF-6EFE-4F39-83DE-3CBA868ECE0D}"
EndProject
Project("{FAE04EC0-301F-11D3-BF4B-00C04F79EFBC}") = "I8Beef.SwitchBot.TestClient", "I8Beef.SwitchBot.TestClient\I8Beef.SwitchBot.TestClient.csproj", "{C14DB53F-0F41-495D-8025-82C92076CCE1}"
EndProject
Global
	GlobalSection(SolutionConfigurationPlatforms) = preSolution
		Debug|Any CPU = Debug|Any CPU
		Release|Any CPU = Release|Any CPU
	EndGlobalSection
	GlobalSection(ProjectConfigurationPlatforms) = postSolution
		{916E85CF-6EFE-4F39-83DE-3CBA868ECE0D}.Debug|Any CPU.ActiveCfg = Debug|Any CPU
		{916E85CF-6EFE-4F39-83DE-3CBA868ECE0D}.Debug|Any CPU.Build.0 = Debug|Any CPU
		{916E85CF-6EFE-4F39-83DE-3CBA868ECE0D}.Release|Any CPU.ActiveCfg = Release|Any CPU
		{916E85CF-6EFE-4F39-83DE-3CBA868ECE0D}.Release|Any CPU.Build.0 = Release|Any CPU
		{C14DB53F-0F41-495D-8025-82C92076CCE1}.Debug|Any CPU.ActiveCfg = Debug|Any CPU
		{C14DB53F-0F41-495D-8025-82C92076CCE1}.Debug|Any CPU.Build.0 = Debug|Any CPU
		{C14DB53F-0F41-495D-8025-82C92076CCE1}.Release|Any CPU.ActiveCfg = Release|Any CPU
		{C14DB53F-0F41-495D-8025-82C92076CCE1}.Release|Any CPU.Build.0 = Release|Any CPU
	EndGlobalSection
	GlobalSection(SolutionProperties) = preSolution
		HideSolutionNode = FALSE
	EndGlobalSection
	GlobalSection(ExtensibilityGlobals) = postSolution
		SolutionGuid = {80C3A128-91FC-42C3-88C0-000477B9CCF3}
	EndGlobalSection
EndGlobal
